
Microsoft Visual Studio Solution File, Format Version 12.00
# Visual Studio Version 16
VisualStudioVersion = 16.0.29613.14
MinimumVisualStudioVersion = 10.0.40219.1
Project("{FAE04EC0-301F-11D3-BF4B-00C04F79EFBC}") = "NeoTile", "NeoTile\NeoTile.csproj", "{4E9463E4-5F36-4686-AF08-98374DC1A33C}"
EndProject
Global
	GlobalSection(SolutionConfigurationPlatforms) = preSolution
		Debug|Any CPU = Debug|Any CPU
		Release|Any CPU = Release|Any CPU
	EndGlobalSection
	GlobalSection(ProjectConfigurationPlatforms) = postSolution
		{4E9463E4-5F36-4686-AF08-98374DC1A33C}.Debug|Any CPU.ActiveCfg = Debug|Any CPU
		{4E9463E4-5F36-4686-AF08-98374DC1A33C}.Debug|Any CPU.Build.0 = Debug|Any CPU
		{4E9463E4-5F36-4686-AF08-98374DC1A33C}.Release|Any CPU.ActiveCfg = Release|Any CPU
		{4E9463E4-5F36-4686-AF08-98374DC1A33C}.Release|Any CPU.Build.0 = Release|Any CPU
	EndGlobalSection
	GlobalSection(SolutionProperties) = preSolution
		HideSolutionNode = FALSE
	EndGlobalSection
	GlobalSection(ExtensibilityGlobals) = postSolution
		SolutionGuid = {7D5A3A0D-D5BB-47C4-9EF7-130ABF27EB11}
	EndGlobalSection
EndGlobal
